// !$*UTF8*$!
{
	archiveVersion = 1;
	classes = {
	};
	objectVersion = 77;
	objects = {

/* Begin PBXBuildFile section */
		A10000000000000000000001 /* sqlite3.c in Sources */ = {isa = PBXBuildFile; fileRef = A10000000000000000000002 /* sqlite3.c */; };
/* End PBXBuildFile section */

/* Begin PBXContainerItemProxy section */
		54AFF9F230699883004FC3B3 /* PBXContainerItemProxy */ = {
			isa = PBXContainerItemProxy;
			containerPortal = 54AFF9DC30699880004FC3B3 /* Project object */;
			proxyType = 1;
			remoteGlobalIDString = 54AFF9E330699880004FC3B3;
			remoteInfo = "SQLite Viewer";
		};
		54AFF9FC30699883004FC3B3 /* PBXContainerItemProxy */ = {
			isa = PBXContainerItemProxy;
			containerPortal = 54AFF9DC30699880004FC3B3 /* Project object */;
			proxyType = 1;
			remoteGlobalIDString = 54AFF9E330699880004FC3B3;
			remoteInfo = "SQLite Viewer";
		};
/* End PBXContainerItemProxy section */

/* Begin PBXFileReference section */
		54AFF9E430699880004FC3B3 /* SQLite Viewer.app */ = {isa = PBXFileReference; explicitFileType = wrapper.application; includeInIndex = 0; path = "SQLite Viewer.app"; sourceTree = BUILT_PRODUCTS_DIR; };
		54AFF9F130699883004FC3B3 /* SQLite ViewerTests.xctest */ = {isa = PBXFileReference; explicitFileType = wrapper.cfbundle; includeInIndex = 0; path = "SQLite ViewerTests.xctest"; sourceTree = BUILT_PRODUCTS_DIR; };
		54AFF9FB30699883004FC3B3 /* SQLite ViewerUITests.xctest */ = {isa = PBXFileReference; explicitFileType = wrapper.cfbundle; includeInIndex = 0; path = "SQLite ViewerUITests.xctest"; sourceTree = BUILT_PRODUCTS_DIR; };
		A10000000000000000000002 /* sqlite3.c */ = {isa = PBXFileReference; lastKnownFileType = sourcecode.c.c; path = sqlite3.c; sourceTree = "<group>"; };
		A10000000000000000000003 /* sqlite3.h */ = {isa = PBXFileReference; lastKnownFileType = sourcecode.c.h; path = sqlite3.h; sourceTree = "<group>"; };
/* End PBXFileReference section */

/* Begin PBXFileSystemSynchronizedBuildFileExceptionSet section */
		A10000000000000000000006 /* Exceptions for "SQLite Viewer" folder in "SQLite Viewer" target */ = {
			isa = PBXFileSystemSynchronizedBuildFileExceptionSet;
			membershipExceptions = (
				Database/Library/.gitkeep,
				Database/Services/.gitkeep,
				Features/Library/.gitkeep,
				Features/Rows/.gitkeep,
				Features/Schema/.gitkeep,
				Features/SQL/.gitkeep,
				Features/Storage/.gitkeep,
				Features/Workspace/.gitkeep,
				Shared/Components/.gitkeep,
			);
			target = 54AFF9E330699880004FC3B3 /* SQLite Viewer */;
		};
/* End PBXFileSystemSynchronizedBuildFileExceptionSet section */

/* Begin PBXFileSystemSynchronizedRootGroup section */
		54AFF9E630699880004FC3B3 /* SQLite Viewer */ = {
			isa = PBXFileSystemSynchronizedRootGroup;
			exceptions = (
				A10000000000000000000006 /* Exceptions for "SQLite Viewer" folder in "SQLite Viewer" target */,
			);
			path = "SQLite Viewer";
			sourceTree = "<group>";
		};
		54AFF9F430699883004FC3B3 /* SQLite ViewerTests */ = {
			isa = PBXFileSystemSynchronizedRootGroup;
			path = "SQLite ViewerTests";
			sourceTree = "<group>";
		};
		54AFF9FE30699883004FC3B3 /* SQLite ViewerUITests */ = {
			isa = PBXFileSystemSynchronizedRootGroup;
			path = "SQLite ViewerUITests";
			sourceTree = "<group>";
		};
		54AFFA0E306999E9004FC3B3 /* Specs */ = {
			isa = PBXFileSystemSynchronizedRootGroup;
			path = Specs;
			sourceTree = "<group>";
		};
/* End PBXFileSystemSynchronizedRootGroup section */

/* Begin PBXFrameworksBuildPhase section */
		54AFF9E130699880004FC3B3 /* Frameworks */ = {
			isa = PBXFrameworksBuildPhase;
			buildActionMask = 2147483647;
			files = (
			);
			runOnlyForDeploymentPostprocessing = 0;
		};
		54AFF9EE30699883004FC3B3 /* Frameworks */ = {
			isa = PBXFrameworksBuildPhase;
			buildActionMask = 2147483647;
			files = (
			);
			runOnlyForDeploymentPostprocessing = 0;
		};
		54AFF9F830699883004FC3B3 /* Frameworks */ = {
			isa = PBXFrameworksBuildPhase;
			buildActionMask = 2147483647;
			files = (
			);
			runOnlyForDeploymentPostprocessing = 0;
		};
/* End PBXFrameworksBuildPhase section */

/* Begin PBXGroup section */
		54AFF9DB30699880004FC3B3 = {
			isa = PBXGroup;
			children = (
				54AFF9E630699880004FC3B3 /* SQLite Viewer */,
				54AFF9F430699883004FC3B3 /* SQLite ViewerTests */,
				54AFF9FE30699883004FC3B3 /* SQLite ViewerUITests */,
				54AFF9E530699880004FC3B3 /* Products */,
				54AFFA0E306999E9004FC3B3 /* Specs */,
				A10000000000000000000004 /* ThirdParty */,
			);
			sourceTree = "<group>";
		};
		54AFF9E530699880004FC3B3 /* Products */ = {
			isa = PBXGroup;
			children = (
				54AFF9E430699880004FC3B3 /* SQLite Viewer.app */,
				54AFF9F130699883004FC3B3 /* SQLite ViewerTests.xctest */,
				54AFF9FB30699883004FC3B3 /* SQLite ViewerUITests.xctest */,
			);
			name = Products;
			sourceTree = "<group>";
		};
		A10000000000000000000004 /* ThirdParty */ = {
			isa = PBXGroup;
			children = (
				A10000000000000000000005 /* SQLite */,
			);
			path = ThirdParty;
			sourceTree = "<group>";
		};
		A10000000000000000000005 /* SQLite */ = {
			isa = PBXGroup;
			children = (
				A10000000000000000000002 /* sqlite3.c */,
				A10000000000000000000003 /* sqlite3.h */,
			);
			path = SQLite;
			sourceTree = "<group>";
		};
/* End PBXGroup section */

/* Begin PBXNativeTarget section */
		54AFF9E330699880004FC3B3 /* SQLite Viewer */ = {
			isa = PBXNativeTarget;
			buildConfigurationList = 54AFFA0530699883004FC3B3 /* Build configuration list for PBXNativeTarget "SQLite Viewer" */;
			buildPhases = (
				54AFF9E030699880004FC3B3 /* Sources */,
				54AFF9E130699880004FC3B3 /* Frameworks */,
				54AFF9E230699880004FC3B3 /* Resources */,
			);
			buildRules = (
			);
			dependencies = (
			);
			fileSystemSynchronizedGroups = (
				54AFF9E630699880004FC3B3 /* SQLite Viewer */,
			);
			name = "SQLite Viewer";
			packageProductDependencies = (
			);
			productName = "SQLite Viewer";
			productReference = 54AFF9E430699880004FC3B3 /* SQLite Viewer.app */;
			productType = "com.apple.product-type.application";
		};
		54AFF9F030699883004FC3B3 /* SQLite ViewerTests */ = {
			isa = PBXNativeTarget;
			buildConfigurationList = 54AFFA0830699883004FC3B3 /* Build configuration list for PBXNativeTarget "SQLite ViewerTests" */;
			buildPhases = (
				54AFF9ED30699883004FC3B3 /* Sources */,
				54AFF9EE30699883004FC3B3 /* Frameworks */,
				54AFF9EF30699883004FC3B3 /* Resources */,
			);
			buildRules = (
			);
			dependencies = (
				54AFF9F330699883004FC3B3 /* PBXTargetDependency */,
			);
			fileSystemSynchronizedGroups = (
				54AFF9F430699883004FC3B3 /* SQLite ViewerTests */,
			);
			name = "SQLite ViewerTests";
			packageProductDependencies = (
			);
			productName = "SQLite ViewerTests";
			productReference = 54AFF9F130699883004FC3B3 /* SQLite ViewerTests.xctest */;
			productType = "com.apple.product-type.bundle.unit-test";
		};
		54AFF9FA30699883004FC3B3 /* SQLite ViewerUITests */ = {
			isa = PBXNativeTarget;
			buildConfigurationList = 54AFFA0B30699883004FC3B3 /* Build configuration list for PBXNativeTarget "SQLite ViewerUITests" */;
			buildPhases = (
				54AFF9F730699883004FC3B3 /* Sources */,
				54AFF9F830699883004FC3B3 /* Frameworks */,
				54AFF9F930699883004FC3B3 /* Resources */,
			);
			buildRules = (
			);
			dependencies = (
				54AFF9FD30699883004FC3B3 /* PBXTargetDependency */,
			);
			fileSystemSynchronizedGroups = (
				54AFF9FE30699883004FC3B3 /* SQLite ViewerUITests */,
			);
			name = "SQLite ViewerUITests";
			packageProductDependencies = (
			);
			productName = "SQLite ViewerUITests";
			productReference = 54AFF9FB30699883004FC3B3 /* SQLite ViewerUITests.xctest */;
			productType = "com.apple.product-type.bundle.ui-testing";
		};
/* End PBXNativeTarget section */

/* Begin PBXProject section */
		54AFF9DC30699880004FC3B3 /* Project object */ = {
			isa = PBXProject;
			attributes = {
				BuildIndependentTargetsInParallel = 1;
				LastSwiftUpdateCheck = 2650;
				LastUpgradeCheck = 2650;
				TargetAttributes = {
					54AFF9E330699880004FC3B3 = {
						CreatedOnToolsVersion = 26.5;
					};
					54AFF9F030699883004FC3B3 = {
						CreatedOnToolsVersion = 26.5;
						TestTargetID = 54AFF9E330699880004FC3B3;
					};
					54AFF9FA30699883004FC3B3 = {
						CreatedOnToolsVersion = 26.5;
						TestTargetID = 54AFF9E330699880004FC3B3;
					};
				};
			};
			buildConfigurationList = 54AFF9DF30699880004FC3B3 /* Build configuration list for PBXProject "SQLite Viewer" */;
			developmentRegion = en;
			hasScannedForEncodings = 0;
			knownRegions = (
				en,
				Base,
			);
			mainGroup = 54AFF9DB30699880004FC3B3;
			minimizedProjectReferenceProxies = 1;
			preferredProjectObjectVersion = 77;
			productRefGroup = 54AFF9E530699880004FC3B3 /* Products */;
			projectDirPath = "";
			projectRoot = "";
			targets = (
				54AFF9E330699880004FC3B3 /* SQLite Viewer */,
				54AFF9F030699883004FC3B3 /* SQLite ViewerTests */,
				54AFF9FA30699883004FC3B3 /* SQLite ViewerUITests */,
			);
		};
/* End PBXProject section */

/* Begin PBXResourcesBuildPhase section */
		54AFF9E230699880004FC3B3 /* Resources */ = {
			isa = PBXResourcesBuildPhase;
			buildActionMask = 2147483647;
			files = (
			);
			runOnlyForDeploymentPostprocessing = 0;
		};
		54AFF9EF30699883004FC3B3 /* Resources */ = {
			isa = PBXResourcesBuildPhase;
			buildActionMask = 2147483647;
			files = (
			);
			runOnlyForDeploymentPostprocessing = 0;
		};
		54AFF9F930699883004FC3B3 /* Resources */ = {
			isa = PBXResourcesBuildPhase;
			buildActionMask = 2147483647;
			files = (
			);
			runOnlyForDeploymentPostprocessing = 0;
		};
/* End PBXResourcesBuildPhase section */

/* Begin PBXSourcesBuildPhase section */
		54AFF9E030699880004FC3B3 /* Sources */ = {
			isa = PBXSourcesBuildPhase;
			buildActionMask = 2147483647;
			files = (
				A10000000000000000000001 /* sqlite3.c in Sources */,
			);
			runOnlyForDeploymentPostprocessing = 0;
		};
		54AFF9ED30699883004FC3B3 /* Sources */ = {
			isa = PBXSourcesBuildPhase;
			buildActionMask = 2147483647;
			files = (
			);
			runOnlyForDeploymentPostprocessing = 0;
		};
		54AFF9F730699883004FC3B3 /* Sources */ = {
			isa = PBXSourcesBuildPhase;
			buildActionMask = 2147483647;
			files = (
			);
			runOnlyForDeploymentPostprocessing = 0;
		};
/* End PBXSourcesBuildPhase section */

/* Begin PBXTargetDependency section */
		54AFF9F330699883004FC3B3 /* PBXTargetDependency */ = {
			isa = PBXTargetDependency;
			target = 54AFF9E330699880004FC3B3 /* SQLite Viewer */;
			targetProxy = 54AFF9F230699883004FC3B3 /* PBXContainerItemProxy */;
		};
		54AFF9FD30699883004FC3B3 /* PBXTargetDependency */ = {
			isa = PBXTargetDependency;
			target = 54AFF9E330699880004FC3B3 /* SQLite Viewer */;
			targetProxy = 54AFF9FC30699883004FC3B3 /* PBXContainerItemProxy */;
		};
/* End PBXTargetDependency section */

/* Begin XCBuildConfiguration section */
		54AFFA0330699883004FC3B3 /* Debug */ = {
			isa = XCBuildConfiguration;
			buildSettings = {
				ALWAYS_SEARCH_USER_PATHS = NO;
				ASSETCATALOG_COMPILER_GENERATE_SWIFT_ASSET_SYMBOL_EXTENSIONS = YES;
				CLANG_ANALYZER_NONNULL = YES;
				CLANG_ANALYZER_NUMBER_OBJECT_CONVERSION = YES_AGGRESSIVE;
				CLANG_CXX_LANGUAGE_STANDARD = "gnu++20";
				CLANG_ENABLE_MODULES = YES;
				CLANG_ENABLE_OBJC_ARC = YES;
				CLANG_ENABLE_OBJC_WEAK = YES;
				CLANG_WARN_BLOCK_CAPTURE_AUTORELEASING = YES;
				CLANG_WARN_BOOL_CONVERSION = YES;
				CLANG_WARN_COMMA = YES;
				CLANG_WARN_CONSTANT_CONVERSION = YES;
				CLANG_WARN_DEPRECATED_OBJC_IMPLEMENTATIONS = YES;
				CLANG_WARN_DIRECT_OBJC_ISA_USAGE = YES_ERROR;
				CLANG_WARN_DOCUMENTATION_COMMENTS = YES;
				CLANG_WARN_EMPTY_BODY = YES;
				CLANG_WARN_ENUM_CONVERSION = YES;
				CLANG_WARN_INFINITE_RECURSION = YES;
				CLANG_WARN_INT_CONVERSION = YES;
				CLANG_WARN_NON_LITERAL_NULL_CONVERSION = YES;
				CLANG_WARN_OBJC_IMPLICIT_RETAIN_SELF = YES;
				CLANG_WARN_OBJC_LITERAL_CONVERSION = YES;
				CLANG_WARN_OBJC_ROOT_CLASS = YES_ERROR;
				CLANG_WARN_QUOTED_INCLUDE_IN_FRAMEWORK_HEADER = YES;
				CLANG_WARN_RANGE_LOOP_ANALYSIS = YES;
				CLANG_WARN_STRICT_PROTOTYPES = YES;
				CLANG_WARN_SUSPICIOUS_MOVE = YES;
				CLANG_WARN_UNGUARDED_AVAILABILITY = YES_AGGRESSIVE;
				CLANG_WARN_UNREACHABLE_CODE = YES;
				CLANG_WARN__DUPLICATE_METHOD_MATCH = YES;
				COPY_PHASE_STRIP = NO;
				DEBUG_INFORMATION_FORMAT = dwarf;
				DEVELOPMENT_TEAM = 44G2BWK663;
				ENABLE_STRICT_OBJC_MSGSEND = YES;
				ENABLE_TESTABILITY = YES;
				ENABLE_USER_SCRIPT_SANDBOXING = YES;
				GCC_C_LANGUAGE_STANDARD = gnu17;
				GCC_DYNAMIC_NO_PIC = NO;
				GCC_NO_COMMON_BLOCKS = YES;
				GCC_OPTIMIZATION_LEVEL = 0;
				GCC_PREPROCESSOR_DEFINITIONS = (
					"DEBUG=1",
					"$(inherited)",
				);
				GCC_WARN_64_TO_32_BIT_CONVERSION = YES;
				GCC_WARN_ABOUT_RETURN_TYPE = YES_ERROR;
				GCC_WARN_UNDECLARED_SELECTOR = YES;
				GCC_WARN_UNINITIALIZED_AUTOS = YES_AGGRESSIVE;
				GCC_WARN_UNUSED_FUNCTION = YES;
				GCC_WARN_UNUSED_VARIABLE = YES;
				IPHONEOS_DEPLOYMENT_TARGET = 26.5;
				LOCALIZATION_PREFERS_STRING_CATALOGS = YES;
				MTL_ENABLE_DEBUG_INFO = INCLUDE_SOURCE;
				MTL_FAST_MATH = YES;
				ONLY_ACTIVE_ARCH = YES;
				SDKROOT = iphoneos;
				SWIFT_ACTIVE_COMPILATION_CONDITIONS = "DEBUG $(inherited)";
				SWIFT_OPTIMIZATION_LEVEL = "-Onone";
			};
			name = Debug;
		};
		54AFFA0430699883004FC3B3 /* Release */ = {
			isa = XCBuildConfiguration;
			buildSettings = {
				ALWAYS_SEARCH_USER_PATHS = NO;
				ASSETCATALOG_COMPILER_GENERATE_SWIFT_ASSET_SYMBOL_EXTENSIONS = YES;
				CLANG_ANALYZER_NONNULL = YES;
				CLANG_ANALYZER_NUMBER_OBJECT_CONVERSION = YES_AGGRESSIVE;
				CLANG_CXX_LANGUAGE_STANDARD = "gnu++20";
				CLANG_ENABLE_MODULES = YES;
				CLANG_ENABLE_OBJC_ARC = YES;
				CLANG_ENABLE_OBJC_WEAK = YES;
				CLANG_WARN_BLOCK_CAPTURE_AUTORELEASING = YES;
				CLANG_WARN_BOOL_CONVERSION = YES;
				CLANG_WARN_COMMA = YES;
				CLANG_WARN_CONSTANT_CONVERSION = YES;
				CLANG_WARN_DEPRECATED_OBJC_IMPLEMENTATIONS = YES;
				CLANG_WARN_DIRECT_OBJC_ISA_USAGE = YES_ERROR;
				CLANG_WARN_DOCUMENTATION_COMMENTS = YES;
				CLANG_WARN_EMPTY_BODY = YES;
				CLANG_WARN_ENUM_CONVERSION = YES;
				CLANG_WARN_INFINITE_RECURSION = YES;
				CLANG_WARN_INT_CONVERSION = YES;
				CLANG_WARN_NON_LITERAL_NULL_CONVERSION = YES;
				CLANG_WARN_OBJC_IMPLICIT_RETAIN_SELF = YES;
				CLANG_WARN_OBJC_LITERAL_CONVERSION = YES;
				CLANG_WARN_OBJC_ROOT_CLASS = YES_ERROR;
				CLANG_WARN_QUOTED_INCLUDE_IN_FRAMEWORK_HEADER = YES;
				CLANG_WARN_RANGE_LOOP_ANALYSIS = YES;
				CLANG_WARN_STRICT_PROTOTYPES = YES;
				CLANG_WARN_SUSPICIOUS_MOVE = YES;
				CLANG_WARN_UNGUARDED_AVAILABILITY = YES_AGGRESSIVE;
				CLANG_WARN_UNREACHABLE_CODE = YES;
				CLANG_WARN__DUPLICATE_METHOD_MATCH = YES;
				COPY_PHASE_STRIP = NO;
				DEBUG_INFORMATION_FORMAT = "dwarf-with-dsym";
				DEVELOPMENT_TEAM = 44G2BWK663;
				ENABLE_NS_ASSERTIONS = NO;
				ENABLE_STRICT_OBJC_MSGSEND = YES;
				ENABLE_USER_SCRIPT_SANDBOXING = YES;
				GCC_C_LANGUAGE_STANDARD = gnu17;
				GCC_NO_COMMON_BLOCKS = YES;
				GCC_WARN_64_TO_32_BIT_CONVERSION = YES;
				GCC_WARN_ABOUT_RETURN_TYPE = YES_ERROR;
				GCC_WARN_UNDECLARED_SELECTOR = YES;
				GCC_WARN_UNINITIALIZED_AUTOS = YES_AGGRESSIVE;
				GCC_WARN_UNUSED_FUNCTION = YES;
				GCC_WARN_UNUSED_VARIABLE = YES;
				IPHONEOS_DEPLOYMENT_TARGET = 26.5;
				LOCALIZATION_PREFERS_STRING_CATALOGS = YES;
				MTL_ENABLE_DEBUG_INFO = NO;
				MTL_FAST_MATH = YES;
				SDKROOT = iphoneos;
				SWIFT_COMPILATION_MODE = wholemodule;
				VALIDATE_PRODUCT = YES;
			};
			name = Release;
		};
		54AFFA0630699883004FC3B3 /* Debug */ = {
			isa = XCBuildConfiguration;
			buildSettings = {
				ASSETCATALOG_COMPILER_APPICON_NAME = AppIcon;
				ASSETCATALOG_COMPILER_GLOBAL_ACCENT_COLOR_NAME = AccentColor;
				CODE_SIGN_STYLE = Automatic;
				CURRENT_PROJECT_VERSION = 1;
				DEVELOPMENT_TEAM = 44G2BWK663;
				ENABLE_PREVIEWS = YES;
				GENERATE_INFOPLIST_FILE = YES;
				INFOPLIST_KEY_UIApplicationSceneManifest_Generation = YES;
				INFOPLIST_KEY_UIApplicationSupportsIndirectInputEvents = YES;
				INFOPLIST_KEY_UILaunchScreen_Generation = YES;
				INFOPLIST_KEY_UISupportedInterfaceOrientations_iPad = "UIInterfaceOrientationPortrait UIInterfaceOrientationPortraitUpsideDown UIInterfaceOrientationLandscapeLeft UIInterfaceOrientationLandscapeRight";
				INFOPLIST_KEY_UISupportedInterfaceOrientations_iPhone = "UIInterfaceOrientationPortrait UIInterfaceOrientationLandscapeLeft UIInterfaceOrientationLandscapeRight";
				LD_RUNPATH_SEARCH_PATHS = (
					"$(inherited)",
					"@executable_path/Frameworks",
				);
				MARKETING_VERSION = 1.0;
				OTHER_CFLAGS = (
					"-DSQLITE_ENABLE_DBSTAT_VTAB",
					"-DSQLITE_OMIT_LOAD_EXTENSION",
				);
				PRODUCT_BUNDLE_IDENTIFIER = "com.phillipgall.SQLite-Viewer";
				PRODUCT_NAME = "$(TARGET_NAME)";
				STRING_CATALOG_GENERATE_SYMBOLS = YES;
				SWIFT_APPROACHABLE_CONCURRENCY = YES;
				SWIFT_DEFAULT_ACTOR_ISOLATION = MainActor;
				SWIFT_EMIT_LOC_STRINGS = YES;
				SWIFT_OBJC_BRIDGING_HEADER = "SQLite Viewer/Database/Core/SQLiteViewer-Bridging-Header.h";
				SWIFT_UPCOMING_FEATURE_MEMBER_IMPORT_VISIBILITY = YES;
				SWIFT_VERSION = 5.0;
				TARGETED_DEVICE_FAMILY = "1,2";
			};
			name = Debug;
		};
		54AFFA0730699883004FC3B3 /* Release */ = {
			isa = XCBuildConfiguration;
			buildSettings = {
				ASSETCATALOG_COMPILER_APPICON_NAME = AppIcon;
				ASSETCATALOG_COMPILER_GLOBAL_ACCENT_COLOR_NAME = AccentColor;
				CODE_SIGN_STYLE = Automatic;
				CURRENT_PROJECT_VERSION = 1;
				DEVELOPMENT_TEAM = 44G2BWK663;
				ENABLE_PREVIEWS = YES;
				GENERATE_INFOPLIST_FILE = YES;
				INFOPLIST_KEY_UIApplicationSceneManifest_Generation = YES;
				INFOPLIST_KEY_UIApplicationSupportsIndirectInputEvents = YES;
				INFOPLIST_KEY_UILaunchScreen_Generation = YES;
				INFOPLIST_KEY_UISupportedInterfaceOrientations_iPad = "UIInterfaceOrientationPortrait UIInterfaceOrientationPortraitUpsideDown UIInterfaceOrientationLandscapeLeft UIInterfaceOrientationLandscapeRight";
				INFOPLIST_KEY_UISupportedInterfaceOrientations_iPhone = "UIInterfaceOrientationPortrait UIInterfaceOrientationLandscapeLeft UIInterfaceOrientationLandscapeRight";
				LD_RUNPATH_SEARCH_PATHS = (
					"$(inherited)",
					"@executable_path/Frameworks",
				);
				MARKETING_VERSION = 1.0;
				OTHER_CFLAGS = (
					"-DSQLITE_ENABLE_DBSTAT_VTAB",
					"-DSQLITE_OMIT_LOAD_EXTENSION",
				);
				PRODUCT_BUNDLE_IDENTIFIER = "com.phillipgall.SQLite-Viewer";
				PRODUCT_NAME = "$(TARGET_NAME)";
				STRING_CATALOG_GENERATE_SYMBOLS = YES;
				SWIFT_APPROACHABLE_CONCURRENCY = YES;
				SWIFT_DEFAULT_ACTOR_ISOLATION = MainActor;
				SWIFT_EMIT_LOC_STRINGS = YES;
				SWIFT_OBJC_BRIDGING_HEADER = "SQLite Viewer/Database/Core/SQLiteViewer-Bridging-Header.h";
				SWIFT_UPCOMING_FEATURE_MEMBER_IMPORT_VISIBILITY = YES;
				SWIFT_VERSION = 5.0;
				TARGETED_DEVICE_FAMILY = "1,2";
			};
			name = Release;
		};
		54AFFA0930699883004FC3B3 /* Debug */ = {
			isa = XCBuildConfiguration;
			buildSettings = {
				BUNDLE_LOADER = "$(TEST_HOST)";
				CODE_SIGN_STYLE = Automatic;
				CURRENT_PROJECT_VERSION = 1;
				DEVELOPMENT_TEAM = 44G2BWK663;
				GENERATE_INFOPLIST_FILE = YES;
				IPHONEOS_DEPLOYMENT_TARGET = 26.5;
				MARKETING_VERSION = 1.0;
				PRODUCT_BUNDLE_IDENTIFIER = "com.phillipgall.SQLite-ViewerTests";
				PRODUCT_NAME = "$(TARGET_NAME)";
				STRING_CATALOG_GENERATE_SYMBOLS = NO;
				SWIFT_APPROACHABLE_CONCURRENCY = YES;
				SWIFT_EMIT_LOC_STRINGS = NO;
				SWIFT_UPCOMING_FEATURE_MEMBER_IMPORT_VISIBILITY = YES;
				SWIFT_VERSION = 5.0;
				TARGETED_DEVICE_FAMILY = "1,2";
				TEST_HOST = "$(BUILT_PRODUCTS_DIR)/SQLite Viewer.app/$(BUNDLE_EXECUTABLE_FOLDER_PATH)/SQLite Viewer";
			};
			name = Debug;
		};
		54AFFA0A30699883004FC3B3 /* Release */ = {
			isa = XCBuildConfiguration;
			buildSettings = {
				BUNDLE_LOADER = "$(TEST_HOST)";
				CODE_SIGN_STYLE = Automatic;
				CURRENT_PROJECT_VERSION = 1;
				DEVELOPMENT_TEAM = 44G2BWK663;
				GENERATE_INFOPLIST_FILE = YES;
				IPHONEOS_DEPLOYMENT_TARGET = 26.5;
				MARKETING_VERSION = 1.0;
				PRODUCT_BUNDLE_IDENTIFIER = "com.phillipgall.SQLite-ViewerTests";
				PRODUCT_NAME = "$(TARGET_NAME)";
				STRING_CATALOG_GENERATE_SYMBOLS = NO;
				SWIFT_APPROACHABLE_CONCURRENCY = YES;
				SWIFT_EMIT_LOC_STRINGS = NO;
				SWIFT_UPCOMING_FEATURE_MEMBER_IMPORT_VISIBILITY = YES;
				SWIFT_VERSION = 5.0;
				TARGETED_DEVICE_FAMILY = "1,2";
				TEST_HOST = "$(BUILT_PRODUCTS_DIR)/SQLite Viewer.app/$(BUNDLE_EXECUTABLE_FOLDER_PATH)/SQLite Viewer";
			};
			name = Release;
		};
		54AFFA0C30699883004FC3B3 /* Debug */ = {
			isa = XCBuildConfiguration;
			buildSettings = {
				CODE_SIGN_STYLE = Automatic;
				CURRENT_PROJECT_VERSION = 1;
				DEVELOPMENT_TEAM = 44G2BWK663;
				GENERATE_INFOPLIST_FILE = YES;
				MARKETING_VERSION = 1.0;
				PRODUCT_BUNDLE_IDENTIFIER = "com.phillipgall.SQLite-ViewerUITests";
				PRODUCT_NAME = "$(TARGET_NAME)";
				STRING_CATALOG_GENERATE_SYMBOLS = NO;
				SWIFT_APPROACHABLE_CONCURRENCY = YES;
				SWIFT_EMIT_LOC_STRINGS = NO;
				SWIFT_UPCOMING_FEATURE_MEMBER_IMPORT_VISIBILITY = YES;
				SWIFT_VERSION = 5.0;
				TARGETED_DEVICE_FAMILY = "1,2";
				TEST_TARGET_NAME = "SQLite Viewer";
			};
			name = Debug;
		};
		54AFFA0D30699883004FC3B3 /* Release */ = {
			isa = XCBuildConfiguration;
			buildSettings = {
				CODE_SIGN_STYLE = Automatic;
				CURRENT_PROJECT_VERSION = 1;
				DEVELOPMENT_TEAM = 44G2BWK663;
				GENERATE_INFOPLIST_FILE = YES;
				MARKETING_VERSION = 1.0;
				PRODUCT_BUNDLE_IDENTIFIER = "com.phillipgall.SQLite-ViewerUITests";
				PRODUCT_NAME = "$(TARGET_NAME)";
				STRING_CATALOG_GENERATE_SYMBOLS = NO;
				SWIFT_APPROACHABLE_CONCURRENCY = YES;
				SWIFT_EMIT_LOC_STRINGS = NO;
				SWIFT_UPCOMING_FEATURE_MEMBER_IMPORT_VISIBILITY = YES;
				SWIFT_VERSION = 5.0;
				TARGETED_DEVICE_FAMILY = "1,2";
				TEST_TARGET_NAME = "SQLite Viewer";
			};
			name = Release;
		};
/* End XCBuildConfiguration section */

/* Begin XCConfigurationList section */
		54AFF9DF30699880004FC3B3 /* Build configuration list for PBXProject "SQLite Viewer" */ = {
			isa = XCConfigurationList;
			buildConfigurations = (
				54AFFA0330699883004FC3B3 /* Debug */,
				54AFFA0430699883004FC3B3 /* Release */,
			);
			defaultConfigurationIsVisible = 0;
			defaultConfigurationName = Release;
		};
		54AFFA0530699883004FC3B3 /* Build configuration list for PBXNativeTarget "SQLite Viewer" */ = {
			isa = XCConfigurationList;
			buildConfigurations = (
				54AFFA0630699883004FC3B3 /* Debug */,
				54AFFA0730699883004FC3B3 /* Release */,
			);
			defaultConfigurationIsVisible = 0;
			defaultConfigurationName = Release;
		};
		54AFFA0830699883004FC3B3 /* Build configuration list for PBXNativeTarget "SQLite ViewerTests" */ = {
			isa = XCConfigurationList;
			buildConfigurations = (
				54AFFA0930699883004FC3B3 /* Debug */,
				54AFFA0A30699883004FC3B3 /* Release */,
			);
			defaultConfigurationIsVisible = 0;
			defaultConfigurationName = Release;
		};
		54AFFA0B30699883004FC3B3 /* Build configuration list for PBXNativeTarget "SQLite ViewerUITests" */ = {
			isa = XCConfigurationList;
			buildConfigurations = (
				54AFFA0C30699883004FC3B3 /* Debug */,
				54AFFA0D30699883004FC3B3 /* Release */,
			);
			defaultConfigurationIsVisible = 0;
			defaultConfigurationName = Release;
		};
/* End XCConfigurationList section */
	};
	rootObject = 54AFF9DC30699880004FC3B3 /* Project object */;
}
